
Microsoft Visual Studio Solution File, Format Version 12.00
# Visual Studio 15
VisualStudioVersion = 15.0.27130.2010
MinimumVisualStudioVersion = 10.0.40219.1
Project("{9A19103F-16F7-4668-BE54-9A1E7A4F7556}") = "ShredMates.Web", "ShredMates.Web\ShredMates.Web.csproj", "{B6ACBE42-32E2-4602-B30E-34BB82AB8DBF}"
EndProject
Project("{9A19103F-16F7-4668-BE54-9A1E7A4F7556}") = "ShredMates.Data", "ShredMates.Data\ShredMates.Data.csproj", "{D8649E4E-E576-44A7-AE37-DE4ECC53805E}"
EndProject
Project("{9A19103F-16F7-4668-BE54-9A1E7A4F7556}") = "ShredMates.Services", "ShredMates.Services\ShredMates.Services.csproj", "{D7DBBE16-C620-48B5-BB58-8E92A77B74FF}"
EndProject
Project("{9A19103F-16F7-4668-BE54-9A1E7A4F7556}") = "ShredMates.Common", "ShredMates.Common\ShredMates.Common.csproj", "{6B4877D2-4853-4172-B4C8-F1EE45E7F454}"
EndProject
Project("{FAE04EC0-301F-11D3-BF4B-00C04F79EFBC}") = "ShredMates.Tests", "ShredMates.Tests\ShredMates.Tests.csproj", "{7CD15480-339F-47EB-9638-6FD05BFA8BFB}"
EndProject
Global
	GlobalSection(SolutionConfigurationPlatforms) = preSolution
		Debug|Any CPU = Debug|Any CPU
		Release|Any CPU = Release|Any CPU
	EndGlobalSection
	GlobalSection(ProjectConfigurationPlatforms) = postSolution
		{B6ACBE42-32E2-4602-B30E-34BB82AB8DBF}.Debug|Any CPU.ActiveCfg = Debug|Any CPU
		{B6ACBE42-32E2-4602-B30E-34BB82AB8DBF}.Debug|Any CPU.Build.0 = Debug|Any CPU
		{B6ACBE42-32E2-4602-B30E-34BB82AB8DBF}.Release|Any CPU.ActiveCfg = Release|Any CPU
		{B6ACBE42-32E2-4602-B30E-34BB82AB8DBF}.Release|Any CPU.Build.0 = Release|Any CPU
		{D8649E4E-E576-44A7-AE37-DE4ECC53805E}.Debug|Any CPU.ActiveCfg = Debug|Any CPU
		{D8649E4E-E576-44A7-AE37-DE4ECC53805E}.Debug|Any CPU.Build.0 = Debug|Any CPU
		{D8649E4E-E576-44A7-AE37-DE4ECC53805E}.Release|Any CPU.ActiveCfg = Release|Any CPU
		{D8649E4E-E576-44A7-AE37-DE4ECC53805E}.Release|Any CPU.Build.0 = Release|Any CPU
		{D7DBBE16-C620-48B5-BB58-8E92A77B74FF}.Debug|Any CPU.ActiveCfg = Debug|Any CPU
		{D7DBBE16-C620-48B5-BB58-8E92A77B74FF}.Debug|Any CPU.Build.0 = Debug|Any CPU
		{D7DBBE16-C620-48B5-BB58-8E92A77B74FF}.Release|Any CPU.ActiveCfg = Release|Any CPU
		{D7DBBE16-C620-48B5-BB58-8E92A77B74FF}.Release|Any CPU.Build.0 = Release|Any CPU
		{6B4877D2-4853-4172-B4C8-F1EE45E7F454}.Debug|Any CPU.ActiveCfg = Debug|Any CPU
		{6B4877D2-4853-4172-B4C8-F1EE45E7F454}.Debug|Any CPU.Build.0 = Debug|Any CPU
		{6B4877D2-4853-4172-B4C8-F1EE45E7F454}.Release|Any CPU.ActiveCfg = Release|Any CPU
		{6B4877D2-4853-4172-B4C8-F1EE45E7F454}.Release|Any CPU.Build.0 = Release|Any CPU
		{7CD15480-339F-47EB-9638-6FD05BFA8BFB}.Debug|Any CPU.ActiveCfg = Debug|Any CPU
		{7CD15480-339F-47EB-9638-6FD05BFA8BFB}.Debug|Any CPU.Build.0 = Debug|Any CPU
		{7CD15480-339F-47EB-9638-6FD05BFA8BFB}.Release|Any CPU.ActiveCfg = Release|Any CPU
		{7CD15480-339F-47EB-9638-6FD05BFA8BFB}.Release|Any CPU.Build.0 = Release|Any CPU
	EndGlobalSection
	GlobalSection(SolutionProperties) = preSolution
		HideSolutionNode = FALSE
	EndGlobalSection
	GlobalSection(ExtensibilityGlobals) = postSolution
		SolutionGuid = {A356364F-BC22-4E74-8E97-0F91A1ACA494}
	EndGlobalSection
EndGlobal
